
Microsoft Visual Studio Solution File, Format Version 12.00
# Visual Studio Version 17
VisualStudioVersion = 17.5.002.0
MinimumVisualStudioVersion = 10.0.40219.1
Project("{9A19103F-16F7-4668-BE54-9A1E7A4F7556}") = "NetStackBeautifier.Services.FunctionalTests", "NetStackBeautifier.Services.FunctionalTests.csproj", "{24C41B62-35AE-4125-95C4-4166AC09019B}"
EndProject
Global
	GlobalSection(SolutionConfigurationPlatforms) = preSolution
		Debug|Any CPU = Debug|Any CPU
		Release|Any CPU = Release|Any CPU
	EndGlobalSection
	GlobalSection(ProjectConfigurationPlatforms) = postSolution
		{24C41B62-35AE-4125-95C4-4166AC09019B}.Debug|Any CPU.ActiveCfg = Debug|Any CPU
		{24C41B62-35AE-4125-95C4-4166AC09019B}.Debug|Any CPU.Build.0 = Debug|Any CPU
		{24C41B62-35AE-4125-95C4-4166AC09019B}.Release|Any CPU.ActiveCfg = Release|Any CPU
		{24C41B62-35AE-4125-95C4-4166AC09019B}.Release|Any CPU.Build.0 = Release|Any CPU
	EndGlobalSection
	GlobalSection(SolutionProperties) = preSolution
		HideSolutionNode = FALSE
	EndGlobalSection
	GlobalSection(ExtensibilityGlobals) = postSolution
		SolutionGuid = {D05E208A-3587-4567-B6AD-4A42F3A469CB}
	EndGlobalSection
EndGlobal
